Microsoft Visual Studio Solution File, Format Version 12.00
# Visual Studio Version 17
VisualStudioVersion = 17.5.2.0
MinimumVisualStudioVersion = 10.0.40219.1
Project("{FAE04EC0-301F-11D3-BF4B-00C04F79EFBC}") = "FlashcardAI.server", "FlashcardAI.server.csproj", "{638C2052-D1E4-CACF-C298-54E35D5A8D95}"
EndProject
Global
	GlobalSection(SolutionConfigurationPlatforms) = preSolution
		Debug|Any CPU = Debug|Any CPU
		Release|Any CPU = Release|Any CPU
	EndGlobalSection
	GlobalSection(ProjectConfigurationPlatforms) = postSolution
		{638C2052-D1E4-CACF-C298-54E35D5A8D95}.Debug|Any CPU.ActiveCfg = Debug|Any CPU
		{638C2052-D1E4-CACF-C298-54E35D5A8D95}.Debug|Any CPU.Build.0 = Debug|Any CPU
		{638C2052-D1E4-CACF-C298-54E35D5A8D95}.Release|Any CPU.ActiveCfg = Release|Any CPU
		{638C2052-D1E4-CACF-C298-54E35D5A8D95}.Release|Any CPU.Build.0 = Release|Any CPU
	EndGlobalSection
	GlobalSection(SolutionProperties) = preSolution
		HideSolutionNode = FALSE
	EndGlobalSection
	GlobalSection(ExtensibilityGlobals) = postSolution
		SolutionGuid = {A4D91FE3-619B-4EF4-9865-B77AC36B2191}
	EndGlobalSection
EndGlobal
